
Microsoft Visual Studio Solution File, Format Version 12.00
# Visual Studio Version 17
VisualStudioVersion = 17.5.33424.131
MinimumVisualStudioVersion = 10.0.40219.1
Project("{FAE04EC0-301F-11D3-BF4B-00C04F79EFBC}") = "Lec04LibN", "Singletonn\Lec04LibN.csproj", "{11E36C30-62C3-49F8-920D-61976804D728}"
EndProject
Global
	GlobalSection(SolutionConfigurationPlatforms) = preSolution
		Debug|Any CPU = Debug|Any CPU
		Release|Any CPU = Release|Any CPU
	EndGlobalSection
	GlobalSection(ProjectConfigurationPlatforms) = postSolution
		{11E36C30-62C3-49F8-920D-61976804D728}.Debug|Any CPU.ActiveCfg = Debug|Any CPU
		{11E36C30-62C3-49F8-920D-61976804D728}.Debug|Any CPU.Build.0 = Debug|Any CPU
		{11E36C30-62C3-49F8-920D-61976804D728}.Release|Any CPU.ActiveCfg = Release|Any CPU
		{11E36C30-62C3-49F8-920D-61976804D728}.Release|Any CPU.Build.0 = Release|Any CPU
	EndGlobalSection
	GlobalSection(SolutionProperties) = preSolution
		HideSolutionNode = FALSE
	EndGlobalSection
	GlobalSection(ExtensibilityGlobals) = postSolution
		SolutionGuid = {20BB3E62-5A79-4091-ADF7-967B1263500D}
	EndGlobalSection
EndGlobal
